
Microsoft Visual Studio Solution File, Format Version 12.00
# Visual Studio 15
Project("{FAE04EC0-301F-11D3-BF4B-00C04F79EFBC}") = "DonationCamp", "DonationCamp\DonationCamp.csproj", "{331584D8-6289-46DC-AC45-1809BA5508C1}"
EndProject
Project("{FAE04EC0-301F-11D3-BF4B-00C04F79EFBC}") = "PersonDocument", "Person\PersonDocument.csproj", "{9783E504-5FEC-439E-B771-C3B85C2438AD}"
EndProject
Project("{E53339B2-1760-4266-BCC7-CA923CBCF16C}") = "docker-compose", "docker-compose.dcproj", "{785FDC91-7DFD-4B92-8710-D4A49CED3917}"
EndProject
Project("{FAE04EC0-301F-11D3-BF4B-00C04F79EFBC}") = "prometheus", "prometheus\prometheus.csproj", "{2CFB867B-12E2-401F-BD1F-C15F160BBD6A}"
EndProject
Global
	GlobalSection(SolutionConfigurationPlatforms) = preSolution
		Debug|Any CPU = Debug|Any CPU
		Release|Any CPU = Release|Any CPU
	EndGlobalSection
	GlobalSection(ProjectConfigurationPlatforms) = postSolution
		{331584D8-6289-46DC-AC45-1809BA5508C1}.Debug|Any CPU.ActiveCfg = Debug|Any CPU
		{331584D8-6289-46DC-AC45-1809BA5508C1}.Debug|Any CPU.Build.0 = Debug|Any CPU
		{331584D8-6289-46DC-AC45-1809BA5508C1}.Release|Any CPU.ActiveCfg = Release|Any CPU
		{331584D8-6289-46DC-AC45-1809BA5508C1}.Release|Any CPU.Build.0 = Release|Any CPU
		{9783E504-5FEC-439E-B771-C3B85C2438AD}.Debug|Any CPU.ActiveCfg = Debug|Any CPU
		{9783E504-5FEC-439E-B771-C3B85C2438AD}.Debug|Any CPU.Build.0 = Debug|Any CPU
		{9783E504-5FEC-439E-B771-C3B85C2438AD}.Release|Any CPU.ActiveCfg = Release|Any CPU
		{9783E504-5FEC-439E-B771-C3B85C2438AD}.Release|Any CPU.Build.0 = Release|Any CPU
		{785FDC91-7DFD-4B92-8710-D4A49CED3917}.Debug|Any CPU.ActiveCfg = Debug|Any CPU
		{785FDC91-7DFD-4B92-8710-D4A49CED3917}.Debug|Any CPU.Build.0 = Debug|Any CPU
		{785FDC91-7DFD-4B92-8710-D4A49CED3917}.Release|Any CPU.ActiveCfg = Release|Any CPU
		{785FDC91-7DFD-4B92-8710-D4A49CED3917}.Release|Any CPU.Build.0 = Release|Any CPU
		{2CFB867B-12E2-401F-BD1F-C15F160BBD6A}.Debug|Any CPU.ActiveCfg = Debug|Any CPU
		{2CFB867B-12E2-401F-BD1F-C15F160BBD6A}.Debug|Any CPU.Build.0 = Debug|Any CPU
		{2CFB867B-12E2-401F-BD1F-C15F160BBD6A}.Release|Any CPU.ActiveCfg = Release|Any CPU
		{2CFB867B-12E2-401F-BD1F-C15F160BBD6A}.Release|Any CPU.Build.0 = Release|Any CPU
	EndGlobalSection
EndGlobal
